// !$*UTF8*$!
{
	archiveVersion = 1;
	classes = {
	};
	objectVersion = 46;
	objects = {

/* Begin PBXBuildFile section */
		40DC23E6BEA7D3201C5B8F5A /* libPods-PrefetchDemo.a in Frameworks */ = {isa = PBXBuildFile; fileRef = 0C0689940285530547240A87 /* libPods-PrefetchDemo.a */; };
		47F3D04235B6EBDA2524CFB8 /* libPods-PrefetchDemoTests.a in Frameworks */ = {isa = PBXBuildFile; fileRef = 9B652533ED463C77BE4122D7 /* libPods-PrefetchDemoTests.a */; };
		4A95EEF60EAD33D8714A59B0 /* libPods-PrefetchDemoUITests.a in Frameworks */ = {isa = PBXBuildFile; fileRef = 5741F97E62BF00991DCEB42C /* libPods-PrefetchDemoUITests.a */; };
		6121CCF21F2C2CA1009F04B2 /* main.m in Sources */ = {isa = PBXBuildFile; fileRef = 6121CCF11F2C2CA1009F04B2 /* main.m */; };
		6121CCF51F2C2CA1009F04B2 /* AppDelegate.m in Sources */ = {isa = PBXBuildFile; fileRef = 6121CCF41F2C2CA1009F04B2 /* AppDelegate.m */; };
		6121CCF81F2C2CA1009F04B2 /* ViewController.m in Sources */ = {isa = PBXBuildFile; fileRef = 6121CCF71F2C2CA1009F04B2 /* ViewController.m */; };
		6121CCFB1F2C2CA1009F04B2 /* Main.storyboard in Resources */ = {isa = PBXBuildFile; fileRef = 6121CCF91F2C2CA1009F04B2 /* Main.storyboard */; };
		6121CCFD1F2C2CA1009F04B2 /* Assets.xcassets in Resources */ = {isa = PBXBuildFile; fileRef = 6121CCFC1F2C2CA1009F04B2 /* Assets.xcassets */; };
		6121CD001F2C2CA1009F04B2 /* LaunchScreen.storyboard in Resources */ = {isa = PBXBuildFile; fileRef = 6121CCFE1F2C2CA1009F04B2 /* LaunchScreen.storyboard */; };
		6121CD0B1F2C2CA1009F04B2 /* PrefetchDemoTests.m in Sources */ = {isa = PBXBuildFile; fileRef = 6121CD0A1F2C2CA1009F04B2 /* PrefetchDemoTests.m */; };
		6121CD161F2C2CA1009F04B2 /* PrefetchDemoUITests.m in Sources */ = {isa = PBXBuildFile; fileRef = 6121CD151F2C2CA1009F04B2 /* PrefetchDemoUITests.m */; };
		6121CD251F2C2FA5009F04B2 /* DataProvider.m in Sources */ = {isa = PBXBuildFile; fileRef = 6121CD241F2C2FA5009F04B2 /* DataProvider.m */; };
		6121CD2F1F2C33A7009F04B2 /* MoviePosterCell.m in Sources */ = {isa = PBXBuildFile; fileRef = 6121CD2E1F2C33A7009F04B2 /* MoviePosterCell.m */; };
		7FD4639F1F2D86A000696542 /* SASTableViewController.m in Sources */ = {isa = PBXBuildFile; fileRef = 7FD463771F2D86A000696542 /* SASTableViewController.m */; };
		7FD463A01F2D86A000696542 /* SASViewController.m in Sources */ = {isa = PBXBuildFile; fileRef = 7FD463791F2D86A000696542 /* SASViewController.m */; };
		7FD463A11F2D86A000696542 /* Dispatch.m in Sources */ = {isa = PBXBuildFile; fileRef = 7FD4637D1F2D86A000696542 /* Dispatch.m */; };
		7FD463A21F2D86A000696542 /* NSArray+NTYExtension.m in Sources */ = {isa = PBXBuildFile; fileRef = 7FD463801F2D86A000696542 /* NSArray+NTYExtension.m */; };
		7FD463A31F2D86A000696542 /* NSObject+Cast.m in Sources */ = {isa = PBXBuildFile; fileRef = 7FD463821F2D86A000696542 /* NSObject+Cast.m */; };
		7FD463A41F2D86A000696542 /* NSObject+Decroate.m in Sources */ = {isa = PBXBuildFile; fileRef = 7FD463841F2D86A000696542 /* NSObject+Decroate.m */; };
		7FD463A51F2D86A000696542 /* UIButton+NTYExtension.m in Sources */ = {isa = PBXBuildFile; fileRef = 7FD463861F2D86A000696542 /* UIButton+NTYExtension.m */; };
		7FD463A61F2D86A000696542 /* UITableViewCell+NTYExtension.m in Sources */ = {isa = PBXBuildFile; fileRef = 7FD463881F2D86A000696542 /* UITableViewCell+NTYExtension.m */; };
		7FD463A71F2D86A000696542 /* Logger.m in Sources */ = {isa = PBXBuildFile; fileRef = 7FD4638B1F2D86A000696542 /* Logger.m */; };
		7FD463A81F2D86A000696542 /* NTYCollectionViewProxy.m in Sources */ = {isa = PBXBuildFile; fileRef = 7FD463901F2D86A000696542 /* NTYCollectionViewProxy.m */; };
		7FD463A91F2D86A000696542 /* NTYScrollViewProxy.m in Sources */ = {isa = PBXBuildFile; fileRef = 7FD463921F2D86A000696542 /* NTYScrollViewProxy.m */; };
		7FD463AA1F2D86A000696542 /* NTYSupportViewModelImpl.m in Sources */ = {isa = PBXBuildFile; fileRef = 7FD463951F2D86A000696542 /* NTYSupportViewModelImpl.m */; };
		7FD463AB1F2D86A000696542 /* NTYTableViewCell.m in Sources */ = {isa = PBXBuildFile; fileRef = 7FD463971F2D86A000696542 /* NTYTableViewCell.m */; };
		7FD463AC1F2D86A000696542 /* NTYTableViewHeaderFooterView.m in Sources */ = {isa = PBXBuildFile; fileRef = 7FD463991F2D86A000696542 /* NTYTableViewHeaderFooterView.m */; };
		7FD463AD1F2D86A000696542 /* NTYTableViewProxy.m in Sources */ = {isa = PBXBuildFile; fileRef = 7FD4639B1F2D86A000696542 /* NTYTableViewProxy.m */; };
		7FD463AE1F2D86A000696542 /* NTYTableView.m in Sources */ = {isa = PBXBuildFile; fileRef = 7FD4639E1F2D86A000696542 /* NTYTableView.m */; };
/* End PBXBuildFile section */

/* Begin PBXContainerItemProxy section */
		6121CD071F2C2CA1009F04B2 /* PBXContainerItemProxy */ = {
			isa = PBXContainerItemProxy;
			containerPortal = 6121CCE51F2C2CA1009F04B2 /* Project object */;
			proxyType = 1;
			remoteGlobalIDString = 6121CCEC1F2C2CA1009F04B2;
			remoteInfo = PrefetchDemo;
		};
		6121CD121F2C2CA1009F04B2 /* PBXContainerItemProxy */ = {
			isa = PBXContainerItemProxy;
			containerPortal = 6121CCE51F2C2CA1009F04B2 /* Project object */;
			proxyType = 1;
			remoteGlobalIDString = 6121CCEC1F2C2CA1009F04B2;
			remoteInfo = PrefetchDemo;
		};
/* End PBXContainerItemProxy section */

/* Begin PBXFileReference section */
		00866B6FD364EDBFF695F895 /* Pods-PrefetchDemoTests.debug.xcconfig */ = {isa = PBXFileReference; includeInIndex = 1; lastKnownFileType = text.xcconfig; name = "Pods-PrefetchDemoTests.debug.xcconfig"; path = "Pods/Target Support Files/Pods-PrefetchDemoTests/Pods-PrefetchDemoTests.debug.xcconfig"; sourceTree = "<group>"; };
		07D4EB0B226DF4526C1C539D /* Pods-PrefetchDemoUITests.release.xcconfig */ = {isa = PBXFileReference; includeInIndex = 1; lastKnownFileType = text.xcconfig; name = "Pods-PrefetchDemoUITests.release.xcconfig"; path = "Pods/Target Support Files/Pods-PrefetchDemoUITests/Pods-PrefetchDemoUITests.release.xcconfig"; sourceTree = "<group>"; };
		0C0689940285530547240A87 /* libPods-PrefetchDemo.a */ = {isa = PBXFileReference; explicitFileType = archive.ar; includeInIndex = 0; path = "libPods-PrefetchDemo.a"; sourceTree = BUILT_PRODUCTS_DIR; };
		5741F97E62BF00991DCEB42C /* libPods-PrefetchDemoUITests.a */ = {isa = PBXFileReference; explicitFileType = archive.ar; includeInIndex = 0; path = "libPods-PrefetchDemoUITests.a"; sourceTree = BUILT_PRODUCTS_DIR; };
		6121CCED1F2C2CA1009F04B2 /* PrefetchDemo.app */ = {isa = PBXFileReference; explicitFileType = wrapper.application; includeInIndex = 0; path = PrefetchDemo.app; sourceTree = BUILT_PRODUCTS_DIR; };
		6121CCF11F2C2CA1009F04B2 /* main.m */ = {isa = PBXFileReference; lastKnownFileType = sourcecode.c.objc; path = main.m; sourceTree = "<group>"; };
		6121CCF31F2C2CA1009F04B2 /* AppDelegate.h */ = {isa = PBXFileReference; lastKnownFileType = sourcecode.c.h; path = AppDelegate.h; sourceTree = "<group>"; };
		6121CCF41F2C2CA1009F04B2 /* AppDelegate.m */ = {isa = PBXFileReference; lastKnownFileType = sourcecode.c.objc; path = AppDelegate.m; sourceTree = "<group>"; };
		6121CCF61F2C2CA1009F04B2 /* ViewController.h */ = {isa = PBXFileReference; lastKnownFileType = sourcecode.c.h; path = ViewController.h; sourceTree = "<group>"; };
		6121CCF71F2C2CA1009F04B2 /* ViewController.m */ = {isa = PBXFileReference; lastKnownFileType = sourcecode.c.objc; path = ViewController.m; sourceTree = "<group>"; };
		6121CCFA1F2C2CA1009F04B2 /* Base */ = {isa = PBXFileReference; lastKnownFileType = file.storyboard; name = Base; path = Base.lproj/Main.storyboard; sourceTree = "<group>"; };
		6121CCFC1F2C2CA1009F04B2 /* Assets.xcassets */ = {isa = PBXFileReference; lastKnownFileType = folder.assetcatalog; path = Assets.xcassets; sourceTree = "<group>"; };
		6121CCFF1F2C2CA1009F04B2 /* Base */ = {isa = PBXFileReference; lastKnownFileType = file.storyboard; name = Base; path = Base.lproj/LaunchScreen.storyboard; sourceTree = "<group>"; };
		6121CD011F2C2CA1009F04B2 /* Info.plist */ = {isa = PBXFileReference; lastKnownFileType = text.plist.xml; path = Info.plist; sourceTree = "<group>"; };
		6121CD061F2C2CA1009F04B2 /* PrefetchDemoTests.xctest */ = {isa = PBXFileReference; explicitFileType = wrapper.cfbundle; includeInIndex = 0; path = PrefetchDemoTests.xctest; sourceTree = BUILT_PRODUCTS_DIR; };
		6121CD0A1F2C2CA1009F04B2 /* PrefetchDemoTests.m */ = {isa = PBXFileReference; lastKnownFileType = sourcecode.c.objc; path = PrefetchDemoTests.m; sourceTree = "<group>"; };
		6121CD0C1F2C2CA1009F04B2 /* Info.plist */ = {isa = PBXFileReference; lastKnownFileType = text.plist.xml; path = Info.plist; sourceTree = "<group>"; };
		6121CD111F2C2CA1009F04B2 /* PrefetchDemoUITests.xctest */ = {isa = PBXFileReference; explicitFileType = wrapper.cfbundle; includeInIndex = 0; path = PrefetchDemoUITests.xctest; sourceTree = BUILT_PRODUCTS_DIR; };
		6121CD151F2C2CA1009F04B2 /* PrefetchDemoUITests.m */ = {isa = PBXFileReference; lastKnownFileType = sourcecode.c.objc; path = PrefetchDemoUITests.m; sourceTree = "<group>"; };
		6121CD171F2C2CA1009F04B2 /* Info.plist */ = {isa = PBXFileReference; lastKnownFileType = text.plist.xml; path = Info.plist; sourceTree = "<group>"; };
		6121CD231F2C2FA5009F04B2 /* DataProvider.h */ = {isa = PBXFileReference; fileEncoding = 4; lastKnownFileType = sourcecode.c.h; path = DataProvider.h; sourceTree = "<group>"; };
		6121CD241F2C2FA5009F04B2 /* DataProvider.m */ = {isa = PBXFileReference; fileEncoding = 4; lastKnownFileType = sourcecode.c.objc; path = DataProvider.m; sourceTree = "<group>"; };
		6121CD2D1F2C33A7009F04B2 /* MoviePosterCell.h */ = {isa = PBXFileReference; fileEncoding = 4; lastKnownFileType = sourcecode.c.h; path = MoviePosterCell.h; sourceTree = "<group>"; };
		6121CD2E1F2C33A7009F04B2 /* MoviePosterCell.m */ = {isa = PBXFileReference; fileEncoding = 4; lastKnownFileType = sourcecode.c.objc; path = MoviePosterCell.m; sourceTree = "<group>"; };
		6121CD4B1F2C4E4B009F04B2 /* prefix.pch */ = {isa = PBXFileReference; lastKnownFileType = sourcecode.c.h; path = prefix.pch; sourceTree = "<group>"; };
		7FD463761F2D86A000696542 /* SASTableViewController.h */ = {isa = PBXFileReference; fileEncoding = 4; lastKnownFileType = sourcecode.c.h; path = SASTableViewController.h; sourceTree = "<group>"; };
		7FD463771F2D86A000696542 /* SASTableViewController.m */ = {isa = PBXFileReference; fileEncoding = 4; lastKnownFileType = sourcecode.c.objc; path = SASTableViewController.m; sourceTree = "<group>"; };
		7FD463781F2D86A000696542 /* SASViewController.h */ = {isa = PBXFileReference; fileEncoding = 4; lastKnownFileType = sourcecode.c.h; path = SASViewController.h; sourceTree = "<group>"; };
		7FD463791F2D86A000696542 /* SASViewController.m */ = {isa = PBXFileReference; fileEncoding = 4; lastKnownFileType = sourcecode.c.objc; path = SASViewController.m; sourceTree = "<group>"; };
		7FD4637C1F2D86A000696542 /* Dispatch.h */ = {isa = PBXFileReference; fileEncoding = 4; lastKnownFileType = sourcecode.c.h; path = Dispatch.h; sourceTree = "<group>"; };
		7FD4637D1F2D86A000696542 /* Dispatch.m */ = {isa = PBXFileReference; fileEncoding = 4; lastKnownFileType = sourcecode.c.objc; path = Dispatch.m; sourceTree = "<group>"; };
		7FD4637F1F2D86A000696542 /* NSArray+NTYExtension.h */ = {isa = PBXFileReference; fileEncoding = 4; lastKnownFileType = sourcecode.c.h; path = "NSArray+NTYExtension.h"; sourceTree = "<group>"; };
		7FD463801F2D86A000696542 /* NSArray+NTYExtension.m */ = {isa = PBXFileReference; fileEncoding = 4; lastKnownFileType = sourcecode.c.objc; path = "NSArray+NTYExtension.m"; sourceTree = "<group>"; };
		7FD463811F2D86A000696542 /* NSObject+Cast.h */ = {isa = PBXFileReference; fileEncoding = 4; lastKnownFileType = sourcecode.c.h; path = "NSObject+Cast.h"; sourceTree = "<group>"; };
		7FD463821F2D86A000696542 /* NSObject+Cast.m */ = {isa = PBXFileReference; fileEncoding = 4; lastKnownFileType = sourcecode.c.objc; path = "NSObject+Cast.m"; sourceTree = "<group>"; };
		7FD463831F2D86A000696542 /* NSObject+Decorate.h */ = {isa = PBXFileReference; fileEncoding = 4; lastKnownFileType = sourcecode.c.h; path = "NSObject+Decorate.h"; sourceTree = "<group>"; };
		7FD463841F2D86A000696542 /* NSObject+Decroate.m */ = {isa = PBXFileReference; fileEncoding = 4; lastKnownFileType = sourcecode.c.objc; path = "NSObject+Decroate.m"; sourceTree = "<group>"; };
		7FD463851F2D86A000696542 /* UIButton+NTYExtension.h */ = {isa = PBXFileReference; fileEncoding = 4; lastKnownFileType = sourcecode.c.h; path = "UIButton+NTYExtension.h"; sourceTree = "<group>"; };
		7FD463861F2D86A000696542 /* UIButton+NTYExtension.m */ = {isa = PBXFileReference; fileEncoding = 4; lastKnownFileType = sourcecode.c.objc; path = "UIButton+NTYExtension.m"; sourceTree = "<group>"; };
		7FD463871F2D86A000696542 /* UITableViewCell+NTYExtension.h */ = {isa = PBXFileReference; fileEncoding = 4; lastKnownFileType = sourcecode.c.h; path = "UITableViewCell+NTYExtension.h"; sourceTree = "<group>"; };
		7FD463881F2D86A000696542 /* UITableViewCell+NTYExtension.m */ = {isa = PBXFileReference; fileEncoding = 4; lastKnownFileType = sourcecode.c.objc; path = "UITableViewCell+NTYExtension.m"; sourceTree = "<group>"; };
		7FD4638A1F2D86A000696542 /* Logger.h */ = {isa = PBXFileReference; fileEncoding = 4; lastKnownFileType = sourcecode.c.h; path = Logger.h; sourceTree = "<group>"; };
		7FD4638B1F2D86A000696542 /* Logger.m */ = {isa = PBXFileReference; fileEncoding = 4; lastKnownFileType = sourcecode.c.objc; path = Logger.m; sourceTree = "<group>"; };
		7FD4638D1F2D86A000696542 /* NTY_Macros.h */ = {isa = PBXFileReference; fileEncoding = 4; lastKnownFileType = sourcecode.c.h; path = NTY_Macros.h; sourceTree = "<group>"; };
		7FD4638F1F2D86A000696542 /* NTYCollectionViewProxy.h */ = {isa = PBXFileReference; fileEncoding = 4; lastKnownFileType = sourcecode.c.h; path = NTYCollectionViewProxy.h; sourceTree = "<group>"; };
		7FD463901F2D86A000696542 /* NTYCollectionViewProxy.m */ = {isa = PBXFileReference; fileEncoding = 4; lastKnownFileType = sourcecode.c.objc; path = NTYCollectionViewProxy.m; sourceTree = "<group>"; };
		7FD463911F2D86A000696542 /* NTYScrollViewProxy.h */ = {isa = PBXFileReference; fileEncoding = 4; lastKnownFileType = sourcecode.c.h; path = NTYScrollViewProxy.h; sourceTree = "<group>"; };
		7FD463921F2D86A000696542 /* NTYScrollViewProxy.m */ = {isa = PBXFileReference; fileEncoding = 4; lastKnownFileType = sourcecode.c.objc; path = NTYScrollViewProxy.m; sourceTree = "<group>"; };
		7FD463931F2D86A000696542 /* NTYSupportViewModel.h */ = {isa = PBXFileReference; fileEncoding = 4; lastKnownFileType = sourcecode.c.h; path = NTYSupportViewModel.h; sourceTree = "<group>"; };
		7FD463941F2D86A000696542 /* NTYSupportViewModelImpl.h */ = {isa = PBXFileReference; fileEncoding = 4; lastKnownFileType = sourcecode.c.h; path = NTYSupportViewModelImpl.h; sourceTree = "<group>"; };
		7FD463951F2D86A000696542 /* NTYSupportViewModelImpl.m */ = {isa = PBXFileReference; fileEncoding = 4; lastKnownFileType = sourcecode.c.objc; path = NTYSupportViewModelImpl.m; sourceTree = "<group>"; };
		7FD463961F2D86A000696542 /* NTYTableViewCell.h */ = {isa = PBXFileReference; fileEncoding = 4; lastKnownFileType = sourcecode.c.h; path = NTYTableViewCell.h; sourceTree = "<group>"; };
		7FD463971F2D86A000696542 /* NTYTableViewCell.m */ = {isa = PBXFileReference; fileEncoding = 4; lastKnownFileType = sourcecode.c.objc; path = NTYTableViewCell.m; sourceTree = "<group>"; };
		7FD463981F2D86A000696542 /* NTYTableViewHeaderFooterView.h */ = {isa = PBXFileReference; fileEncoding = 4; lastKnownFileType = sourcecode.c.h; path = NTYTableViewHeaderFooterView.h; sourceTree = "<group>"; };
		7FD463991F2D86A000696542 /* NTYTableViewHeaderFooterView.m */ = {isa = PBXFileReference; fileEncoding = 4; lastKnownFileType = sourcecode.c.objc; path = NTYTableViewHeaderFooterView.m; sourceTree = "<group>"; };
		7FD4639A1F2D86A000696542 /* NTYTableViewProxy.h */ = {isa = PBXFileReference; fileEncoding = 4; lastKnownFileType = sourcecode.c.h; path = NTYTableViewProxy.h; sourceTree = "<group>"; };
		7FD4639B1F2D86A000696542 /* NTYTableViewProxy.m */ = {isa = PBXFileReference; fileEncoding = 4; lastKnownFileType = sourcecode.c.objc; path = NTYTableViewProxy.m; sourceTree = "<group>"; };
		7FD4639D1F2D86A000696542 /* NTYTableView.h */ = {isa = PBXFileReference; fileEncoding = 4; lastKnownFileType = sourcecode.c.h; path = NTYTableView.h; sourceTree = "<group>"; };
		7FD4639E1F2D86A000696542 /* NTYTableView.m */ = {isa = PBXFileReference; fileEncoding = 4; lastKnownFileType = sourcecode.c.objc; path = NTYTableView.m; sourceTree = "<group>"; };
		8A100307FA85A27432976C34 /* Pods-PrefetchDemoTests.release.xcconfig */ = {isa = PBXFileReference; includeInIndex = 1; lastKnownFileType = text.xcconfig; name = "Pods-PrefetchDemoTests.release.xcconfig"; path = "Pods/Target Support Files/Pods-PrefetchDemoTests/Pods-PrefetchDemoTests.release.xcconfig"; sourceTree = "<group>"; };
		9B652533ED463C77BE4122D7 /* libPods-PrefetchDemoTests.a */ = {isa = PBXFileReference; explicitFileType = archive.ar; includeInIndex = 0; path = "libPods-PrefetchDemoTests.a"; sourceTree = BUILT_PRODUCTS_DIR; };
		AE3DCA289DFC498CDE62912A /* Pods-PrefetchDemoUITests.debug.xcconfig */ = {isa = PBXFileReference; includeInIndex = 1; lastKnownFileType = text.xcconfig; name = "Pods-PrefetchDemoUITests.debug.xcconfig"; path = "Pods/Target Support Files/Pods-PrefetchDemoUITests/Pods-PrefetchDemoUITests.debug.xcconfig"; sourceTree = "<group>"; };
		E1188BE307FF0B787A203048 /* Pods-PrefetchDemo.release.xcconfig */ = {isa = PBXFileReference; includeInIndex = 1; lastKnownFileType = text.xcconfig; name = "Pods-PrefetchDemo.release.xcconfig"; path = "Pods/Target Support Files/Pods-PrefetchDemo/Pods-PrefetchDemo.release.xcconfig"; sourceTree = "<group>"; };
		E7834B64840B2A98F1C305A6 /* Pods-PrefetchDemo.debug.xcconfig */ = {isa = PBXFileReference; includeInIndex = 1; lastKnownFileType = text.xcconfig; name = "Pods-PrefetchDemo.debug.xcconfig"; path = "Pods/Target Support Files/Pods-PrefetchDemo/Pods-PrefetchDemo.debug.xcconfig"; sourceTree = "<group>"; };
/* End PBXFileReference section */

/* Begin PBXFrameworksBuildPhase section */
		6121CCEA1F2C2CA1009F04B2 /* Frameworks */ = {
			isa = PBXFrameworksBuildPhase;
			buildActionMask = 2147483647;
			files = (
				40DC23E6BEA7D3201C5B8F5A /* libPods-PrefetchDemo.a in Frameworks */,
			);
			runOnlyForDeploymentPostprocessing = 0;
		};
		6121CD031F2C2CA1009F04B2 /* Frameworks */ = {
			isa = PBXFrameworksBuildPhase;
			buildActionMask = 2147483647;
			files = (
				47F3D04235B6EBDA2524CFB8 /* libPods-PrefetchDemoTests.a in Frameworks */,
			);
			runOnlyForDeploymentPostprocessing = 0;
		};
		6121CD0E1F2C2CA1009F04B2 /* Frameworks */ = {
			isa = PBXFrameworksBuildPhase;
			buildActionMask = 2147483647;
			files = (
				4A95EEF60EAD33D8714A59B0 /* libPods-PrefetchDemoUITests.a in Frameworks */,
			);
			runOnlyForDeploymentPostprocessing = 0;
		};
/* End PBXFrameworksBuildPhase section */

/* Begin PBXGroup section */
		6121CCE41F2C2CA1009F04B2 = {
			isa = PBXGroup;
			children = (
				6121CCEF1F2C2CA1009F04B2 /* PrefetchDemo */,
				6121CD091F2C2CA1009F04B2 /* PrefetchDemoTests */,
				6121CD141F2C2CA1009F04B2 /* PrefetchDemoUITests */,
				6121CCEE1F2C2CA1009F04B2 /* Products */,
				7BF8AE1459B1DDCC8BC96AD1 /* Pods */,
				6F27F3B5150B9E71F5C59799 /* Frameworks */,
			);
			sourceTree = "<group>";
		};
		6121CCEE1F2C2CA1009F04B2 /* Products */ = {
			isa = PBXGroup;
			children = (
				6121CCED1F2C2CA1009F04B2 /* PrefetchDemo.app */,
				6121CD061F2C2CA1009F04B2 /* PrefetchDemoTests.xctest */,
				6121CD111F2C2CA1009F04B2 /* PrefetchDemoUITests.xctest */,
			);
			name = Products;
			sourceTree = "<group>";
		};
		6121CCEF1F2C2CA1009F04B2 /* PrefetchDemo */ = {
			isa = PBXGroup;
			children = (
				7FD463741F2D86A000696542 /* Component */,
				7FD4637A1F2D86A000696542 /* Ninty */,
				6121CCF31F2C2CA1009F04B2 /* AppDelegate.h */,
				6121CCF41F2C2CA1009F04B2 /* AppDelegate.m */,
				6121CCF61F2C2CA1009F04B2 /* ViewController.h */,
				6121CCF71F2C2CA1009F04B2 /* ViewController.m */,
				6121CCF91F2C2CA1009F04B2 /* Main.storyboard */,
				6121CCFC1F2C2CA1009F04B2 /* Assets.xcassets */,
				6121CCFE1F2C2CA1009F04B2 /* LaunchScreen.storyboard */,
				6121CD011F2C2CA1009F04B2 /* Info.plist */,
				6121CCF01F2C2CA1009F04B2 /* Supporting Files */,
				6121CD231F2C2FA5009F04B2 /* DataProvider.h */,
				6121CD241F2C2FA5009F04B2 /* DataProvider.m */,
				6121CD2D1F2C33A7009F04B2 /* MoviePosterCell.h */,
				6121CD2E1F2C33A7009F04B2 /* MoviePosterCell.m */,
			);
			path = PrefetchDemo;
			sourceTree = "<group>";
		};
		6121CCF01F2C2CA1009F04B2 /* Supporting Files */ = {
			isa = PBXGroup;
			children = (
				6121CD4B1F2C4E4B009F04B2 /* prefix.pch */,
				6121CCF11F2C2CA1009F04B2 /* main.m */,
			);
			name = "Supporting Files";
			sourceTree = "<group>";
		};
		6121CD091F2C2CA1009F04B2 /* PrefetchDemoTests */ = {
			isa = PBXGroup;
			children = (
				6121CD0A1F2C2CA1009F04B2 /* PrefetchDemoTests.m */,
				6121CD0C1F2C2CA1009F04B2 /* Info.plist */,
			);
			path = PrefetchDemoTests;
			sourceTree = "<group>";
		};
		6121CD141F2C2CA1009F04B2 /* PrefetchDemoUITests */ = {
			isa = PBXGroup;
			children = (
				6121CD151F2C2CA1009F04B2 /* PrefetchDemoUITests.m */,
				6121CD171F2C2CA1009F04B2 /* Info.plist */,
			);
			path = PrefetchDemoUITests;
			sourceTree = "<group>";
		};
		6F27F3B5150B9E71F5C59799 /* Frameworks */ = {
			isa = PBXGroup;
			children = (
				0C0689940285530547240A87 /* libPods-PrefetchDemo.a */,
				9B652533ED463C77BE4122D7 /* libPods-PrefetchDemoTests.a */,
				5741F97E62BF00991DCEB42C /* libPods-PrefetchDemoUITests.a */,
			);
			name = Frameworks;
			sourceTree = "<group>";
		};
		7BF8AE1459B1DDCC8BC96AD1 /* Pods */ = {
			isa = PBXGroup;
			children = (
				E7834B64840B2A98F1C305A6 /* Pods-PrefetchDemo.debug.xcconfig */,
				E1188BE307FF0B787A203048 /* Pods-PrefetchDemo.release.xcconfig */,
				00866B6FD364EDBFF695F895 /* Pods-PrefetchDemoTests.debug.xcconfig */,
				8A100307FA85A27432976C34 /* Pods-PrefetchDemoTests.release.xcconfig */,
				AE3DCA289DFC498CDE62912A /* Pods-PrefetchDemoUITests.debug.xcconfig */,
				07D4EB0B226DF4526C1C539D /* Pods-PrefetchDemoUITests.release.xcconfig */,
			);
			name = Pods;
			sourceTree = "<group>";
		};
		7FD463741F2D86A000696542 /* Component */ = {
			isa = PBXGroup;
			children = (
				7FD463751F2D86A000696542 /* BaseViewController */,
			);
			path = Component;
			sourceTree = "<group>";
		};
		7FD463751F2D86A000696542 /* BaseViewController */ = {
			isa = PBXGroup;
			children = (
				7FD463761F2D86A000696542 /* SASTableViewController.h */,
				7FD463771F2D86A000696542 /* SASTableViewController.m */,
				7FD463781F2D86A000696542 /* SASViewController.h */,
				7FD463791F2D86A000696542 /* SASViewController.m */,
			);
			path = BaseViewController;
			sourceTree = "<group>";
		};
		7FD4637A1F2D86A000696542 /* Ninty */ = {
			isa = PBXGroup;
			children = (
				7FD4637B1F2D86A000696542 /* Dispatch */,
				7FD4637E1F2D86A000696542 /* Extension */,
				7FD463891F2D86A000696542 /* Logger */,
				7FD4638C1F2D86A000696542 /* Macros */,
				7FD4638E1F2D86A000696542 /* NTYTableViewProxy */,
				7FD4639C1F2D86A000696542 /* TableView */,
			);
			path = Ninty;
			sourceTree = "<group>";
		};
		7FD4637B1F2D86A000696542 /* Dispatch */ = {
			isa = PBXGroup;
			children = (
				7FD4637C1F2D86A000696542 /* Dispatch.h */,
				7FD4637D1F2D86A000696542 /* Dispatch.m */,
			);
			path = Dispatch;
			sourceTree = "<group>";
		};
		7FD4637E1F2D86A000696542 /* Extension */ = {
			isa = PBXGroup;
			children = (
				7FD4637F1F2D86A000696542 /* NSArray+NTYExtension.h */,
				7FD463801F2D86A000696542 /* NSArray+NTYExtension.m */,
				7FD463811F2D86A000696542 /* NSObject+Cast.h */,
				7FD463821F2D86A000696542 /* NSObject+Cast.m */,
				7FD463831F2D86A000696542 /* NSObject+Decorate.h */,
				7FD463841F2D86A000696542 /* NSObject+Decroate.m */,
				7FD463851F2D86A000696542 /* UIButton+NTYExtension.h */,
				7FD463861F2D86A000696542 /* UIButton+NTYExtension.m */,
				7FD463871F2D86A000696542 /* UITableViewCell+NTYExtension.h */,
				7FD463881F2D86A000696542 /* UITableViewCell+NTYExtension.m */,
			);
			path = Extension;
			sourceTree = "<group>";
		};
		7FD463891F2D86A000696542 /* Logger */ = {
			isa = PBXGroup;
			children = (
				7FD4638A1F2D86A000696542 /* Logger.h */,
				7FD4638B1F2D86A000696542 /* Logger.m */,
			);
			path = Logger;
			sourceTree = "<group>";
		};
		7FD4638C1F2D86A000696542 /* Macros */ = {
			isa = PBXGroup;
			children = (
				7FD4638D1F2D86A000696542 /* NTY_Macros.h */,
			);
			path = Macros;
			sourceTree = "<group>";
		};
		7FD4638E1F2D86A000696542 /* NTYTableViewProxy */ = {
			isa = PBXGroup;
			children = (
				7FD4638F1F2D86A000696542 /* NTYCollectionViewProxy.h */,
				7FD463901F2D86A000696542 /* NTYCollectionViewProxy.m */,
				7FD463911F2D86A000696542 /* NTYScrollViewProxy.h */,
				7FD463921F2D86A000696542 /* NTYScrollViewProxy.m */,
				7FD463931F2D86A000696542 /* NTYSupportViewModel.h */,
				7FD463941F2D86A000696542 /* NTYSupportViewModelImpl.h */,
				7FD463951F2D86A000696542 /* NTYSupportViewModelImpl.m */,
				7FD463961F2D86A000696542 /* NTYTableViewCell.h */,
				7FD463971F2D86A000696542 /* NTYTableViewCell.m */,
				7FD463981F2D86A000696542 /* NTYTableViewHeaderFooterView.h */,
				7FD463991F2D86A000696542 /* NTYTableViewHeaderFooterView.m */,
				7FD4639A1F2D86A000696542 /* NTYTableViewProxy.h */,
				7FD4639B1F2D86A000696542 /* NTYTableViewProxy.m */,
			);
			path = NTYTableViewProxy;
			sourceTree = "<group>";
		};
		7FD4639C1F2D86A000696542 /* TableView */ = {
			isa = PBXGroup;
			children = (
				7FD4639D1F2D86A000696542 /* NTYTableView.h */,
				7FD4639E1F2D86A000696542 /* NTYTableView.m */,
			);
			path = TableView;
			sourceTree = "<group>";
		};
/* End PBXGroup section */

/* Begin PBXNativeTarget section */
		6121CCEC1F2C2CA1009F04B2 /* PrefetchDemo */ = {
			isa = PBXNativeTarget;
			buildConfigurationList = 6121CD1A1F2C2CA1009F04B2 /* Build configuration list for PBXNativeTarget "PrefetchDemo" */;
			buildPhases = (
				E05FBE31CC1DD911B1726599 /* [CP] Check Pods Manifest.lock */,
				6121CCE91F2C2CA1009F04B2 /* Sources */,
				6121CCEA1F2C2CA1009F04B2 /* Frameworks */,
				6121CCEB1F2C2CA1009F04B2 /* Resources */,
				BDA5963860D8A14F634A688E /* [CP] Embed Pods Frameworks */,
				5964BBC3A37D9851CD28BCB0 /* [CP] Copy Pods Resources */,
			);
			buildRules = (
			);
			dependencies = (
			);
			name = PrefetchDemo;
			productName = PrefetchDemo;
			productReference = 6121CCED1F2C2CA1009F04B2 /* PrefetchDemo.app */;
			productType = "com.apple.product-type.application";
		};
		6121CD051F2C2CA1009F04B2 /* PrefetchDemoTests */ = {
			isa = PBXNativeTarget;
			buildConfigurationList = 6121CD1D1F2C2CA1009F04B2 /* Build configuration list for PBXNativeTarget "PrefetchDemoTests" */;
			buildPhases = (
				E7760DC4C7B65206EA06E1F7 /* [CP] Check Pods Manifest.lock */,
				6121CD021F2C2CA1009F04B2 /* Sources */,
				6121CD031F2C2CA1009F04B2 /* Frameworks */,
				6121CD041F2C2CA1009F04B2 /* Resources */,
				857074E3F1E4F8764C62D18B /* [CP] Embed Pods Frameworks */,
				BD578F452F97D0AF23B425D6 /* [CP] Copy Pods Resources */,
			);
			buildRules = (
			);
			dependencies = (
				6121CD081F2C2CA1009F04B2 /* PBXTargetDependency */,
			);
			name = PrefetchDemoTests;
			productName = PrefetchDemoTests;
			productReference = 6121CD061F2C2CA1009F04B2 /* PrefetchDemoTests.xctest */;
			productType = "com.apple.product-type.bundle.unit-test";
		};
		6121CD101F2C2CA1009F04B2 /* PrefetchDemoUITests */ = {
			isa = PBXNativeTarget;
			buildConfigurationList = 6121CD201F2C2CA1009F04B2 /* Build configuration list for PBXNativeTarget "PrefetchDemoUITests" */;
			buildPhases = (
				2AB2B30C3E3230EADADF0F77 /* [CP] Check Pods Manifest.lock */,
				6121CD0D1F2C2CA1009F04B2 /* Sources */,
				6121CD0E1F2C2CA1009F04B2 /* Frameworks */,
				6121CD0F1F2C2CA1009F04B2 /* Resources */,
				56B470B91D7C734129EE1DC7 /* [CP] Embed Pods Frameworks */,
				C4EE063D40172D0323E37083 /* [CP] Copy Pods Resources */,
			);
			buildRules = (
			);
			dependencies = (
				6121CD131F2C2CA1009F04B2 /* PBXTargetDependency */,
			);
			name = PrefetchDemoUITests;
			productName = PrefetchDemoUITests;
			productReference = 6121CD111F2C2CA1009F04B2 /* PrefetchDemoUITests.xctest */;
			productType = "com.apple.product-type.bundle.ui-testing";
		};
/* End PBXNativeTarget section */

/* Begin PBXProject section */
		6121CCE51F2C2CA1009F04B2 /* Project object */ = {
			isa = PBXProject;
			attributes = {
				LastUpgradeCheck = 0830;
				ORGANIZATIONNAME = "Beijing Ninety Culture Co.ltd";
				TargetAttributes = {
					6121CCEC1F2C2CA1009F04B2 = {
						CreatedOnToolsVersion = 8.3.3;
						DevelopmentTeam = UY8HGLAGYV;
						ProvisioningStyle = Automatic;
					};
					6121CD051F2C2CA1009F04B2 = {
						CreatedOnToolsVersion = 8.3.3;
						DevelopmentTeam = UY8HGLAGYV;
						ProvisioningStyle = Automatic;
						TestTargetID = 6121CCEC1F2C2CA1009F04B2;
					};
					6121CD101F2C2CA1009F04B2 = {
						CreatedOnToolsVersion = 8.3.3;
						DevelopmentTeam = UY8HGLAGYV;
						ProvisioningStyle = Automatic;
						TestTargetID = 6121CCEC1F2C2CA1009F04B2;
					};
				};
			};
			buildConfigurationList = 6121CCE81F2C2CA1009F04B2 /* Build configuration list for PBXProject "PrefetchDemo" */;
			compatibilityVersion = "Xcode 3.2";
			developmentRegion = English;
			hasScannedForEncodings = 0;
			knownRegions = (
				en,
				Base,
			);
			mainGroup = 6121CCE41F2C2CA1009F04B2;
			productRefGroup = 6121CCEE1F2C2CA1009F04B2 /* Products */;
			projectDirPath = "";
			projectRoot = "";
			targets = (
				6121CCEC1F2C2CA1009F04B2 /* PrefetchDemo */,
				6121CD051F2C2CA1009F04B2 /* PrefetchDemoTests */,
				6121CD101F2C2CA1009F04B2 /* PrefetchDemoUITests */,
			);
		};
/* End PBXProject section */

/* Begin PBXResourcesBuildPhase section */
		6121CCEB1F2C2CA1009F04B2 /* Resources */ = {
			isa = PBXResourcesBuildPhase;
			buildActionMask = 2147483647;
			files = (
				6121CD001F2C2CA1009F04B2 /* LaunchScreen.storyboard in Resources */,
				6121CCFD1F2C2CA1009F04B2 /* Assets.xcassets in Resources */,
				6121CCFB1F2C2CA1009F04B2 /* Main.storyboard in Resources */,
			);
			runOnlyForDeploymentPostprocessing = 0;
		};
		6121CD041F2C2CA1009F04B2 /* Resources */ = {
			isa = PBXResourcesBuildPhase;
			buildActionMask = 2147483647;
			files = (
			);
			runOnlyForDeploymentPostprocessing = 0;
		};
		6121CD0F1F2C2CA1009F04B2 /* Resources */ = {
			isa = PBXResourcesBuildPhase;
			buildActionMask = 2147483647;
			files = (
			);
			runOnlyForDeploymentPostprocessing = 0;
		};
/* End PBXResourcesBuildPhase section */

/* Begin PBXShellScriptBuildPhase section */
		2AB2B30C3E3230EADADF0F77 /* [CP] Check Pods Manifest.lock */ = {
			isa = PBXShellScriptBuildPhase;
			buildActionMask = 2147483647;
			files = (
			);
			inputPaths = (
			);
			name = "[CP] Check Pods Manifest.lock";
			outputPaths = (
			);
			runOnlyForDeploymentPostprocessing = 0;
			shellPath = /bin/sh;
			shellScript = "diff \"${PODS_PODFILE_DIR_PATH}/Podfile.lock\" \"${PODS_ROOT}/Manifest.lock\" > /dev/null\nif [ $? != 0 ] ; then\n    # print error to STDERR\n    echo \"error: The sandbox is not in sync with the Podfile.lock. Run 'pod install' or update your CocoaPods installation.\" >&2\n    exit 1\nfi\n";
			showEnvVarsInLog = 0;
		};
		56B470B91D7C734129EE1DC7 /* [CP] Embed Pods Frameworks */ = {
			isa = PBXShellScriptBuildPhase;
			buildActionMask = 2147483647;
			files = (
			);
			inputPaths = (
			);
			name = "[CP] Embed Pods Frameworks";
			outputPaths = (
			);
			runOnlyForDeploymentPostprocessing = 0;
			shellPath = /bin/sh;
			shellScript = "\"${SRCROOT}/Pods/Target Support Files/Pods-PrefetchDemoUITests/Pods-PrefetchDemoUITests-frameworks.sh\"\n";
			showEnvVarsInLog = 0;
		};
		5964BBC3A37D9851CD28BCB0 /* [CP] Copy Pods Resources */ = {
			isa = PBXShellScriptBuildPhase;
			buildActionMask = 2147483647;
			files = (
			);
			inputPaths = (
			);
			name = "[CP] Copy Pods Resources";
			outputPaths = (
			);
			runOnlyForDeploymentPostprocessing = 0;
			shellPath = /bin/sh;
			shellScript = "\"${SRCROOT}/Pods/Target Support Files/Pods-PrefetchDemo/Pods-PrefetchDemo-resources.sh\"\n";
			showEnvVarsInLog = 0;
		};
		857074E3F1E4F8764C62D18B /* [CP] Embed Pods Frameworks */ = {
			isa = PBXShellScriptBuildPhase;
			buildActionMask = 2147483647;
			files = (
			);
			inputPaths = (
			);
			name = "[CP] Embed Pods Frameworks";
			outputPaths = (
			);
			runOnlyForDeploymentPostprocessing = 0;
			shellPath = /bin/sh;
			shellScript = "\"${SRCROOT}/Pods/Target Support Files/Pods-PrefetchDemoTests/Pods-PrefetchDemoTests-frameworks.sh\"\n";
			showEnvVarsInLog = 0;
		};
		BD578F452F97D0AF23B425D6 /* [CP] Copy Pods Resources */ = {
			isa = PBXShellScriptBuildPhase;
			buildActionMask = 2147483647;
			files = (
			);
			inputPaths = (
			);
			name = "[CP] Copy Pods Resources";
			outputPaths = (
			);
			runOnlyForDeploymentPostprocessing = 0;
			shellPath = /bin/sh;
			shellScript = "\"${SRCROOT}/Pods/Target Support Files/Pods-PrefetchDemoTests/Pods-PrefetchDemoTests-resources.sh\"\n";
			showEnvVarsInLog = 0;
		};
		BDA5963860D8A14F634A688E /* [CP] Embed Pods Frameworks */ = {
			isa = PBXShellScriptBuildPhase;
			buildActionMask = 2147483647;
			files = (
			);
			inputPaths = (
			);
			name = "[CP] Embed Pods Frameworks";
			outputPaths = (
			);
			runOnlyForDeploymentPostprocessing = 0;
			shellPath = /bin/sh;
			shellScript = "\"${SRCROOT}/Pods/Target Support Files/Pods-PrefetchDemo/Pods-PrefetchDemo-frameworks.sh\"\n";
			showEnvVarsInLog = 0;
		};
		C4EE063D40172D0323E37083 /* [CP] Copy Pods Resources */ = {
			isa = PBXShellScriptBuildPhase;
			buildActionMask = 2147483647;
			files = (
			);
			inputPaths = (
			);
			name = "[CP] Copy Pods Resources";
			outputPaths = (
			);
			runOnlyForDeploymentPostprocessing = 0;
			shellPath = /bin/sh;
			shellScript = "\"${SRCROOT}/Pods/Target Support Files/Pods-PrefetchDemoUITests/Pods-PrefetchDemoUITests-resources.sh\"\n";
			showEnvVarsInLog = 0;
		};
		E05FBE31CC1DD911B1726599 /* [CP] Check Pods Manifest.lock */ = {
			isa = PBXShellScriptBuildPhase;
			buildActionMask = 2147483647;
			files = (
			);
			inputPaths = (
			);
			name = "[CP] Check Pods Manifest.lock";
			outputPaths = (
			);
			runOnlyForDeploymentPostprocessing = 0;
			shellPath = /bin/sh;
			shellScript = "diff \"${PODS_PODFILE_DIR_PATH}/Podfile.lock\" \"${PODS_ROOT}/Manifest.lock\" > /dev/null\nif [ $? != 0 ] ; then\n    # print error to STDERR\n    echo \"error: The sandbox is not in sync with the Podfile.lock. Run 'pod install' or update your CocoaPods installation.\" >&2\n    exit 1\nfi\n";
			showEnvVarsInLog = 0;
		};
		E7760DC4C7B65206EA06E1F7 /* [CP] Check Pods Manifest.lock */ = {
			isa = PBXShellScriptBuildPhase;
			buildActionMask = 2147483647;
			files = (
			);
			inputPaths = (
			);
			name = "[CP] Check Pods Manifest.lock";
			outputPaths = (
			);
			runOnlyForDeploymentPostprocessing = 0;
			shellPath = /bin/sh;
			shellScript = "diff \"${PODS_PODFILE_DIR_PATH}/Podfile.lock\" \"${PODS_ROOT}/Manifest.lock\" > /dev/null\nif [ $? != 0 ] ; then\n    # print error to STDERR\n    echo \"error: The sandbox is not in sync with the Podfile.lock. Run 'pod install' or update your CocoaPods installation.\" >&2\n    exit 1\nfi\n";
			showEnvVarsInLog = 0;
		};
/* End PBXShellScriptBuildPhase section */

/* Begin PBXSourcesBuildPhase section */
		6121CCE91F2C2CA1009F04B2 /* Sources */ = {
			isa = PBXSourcesBuildPhase;
			buildActionMask = 2147483647;
			files = (
				6121CD2F1F2C33A7009F04B2 /* MoviePosterCell.m in Sources */,
				7FD463A81F2D86A000696542 /* NTYCollectionViewProxy.m in Sources */,
				7FD463A21F2D86A000696542 /* NSArray+NTYExtension.m in Sources */,
				7FD4639F1F2D86A000696542 /* SASTableViewController.m in Sources */,
				6121CCF81F2C2CA1009F04B2 /* ViewController.m in Sources */,
				6121CCF51F2C2CA1009F04B2 /* AppDelegate.m in Sources */,
				7FD463AD1F2D86A000696542 /* NTYTableViewProxy.m in Sources */,
				7FD463A91F2D86A000696542 /* NTYScrollViewProxy.m in Sources */,
				7FD463AC1F2D86A000696542 /* NTYTableViewHeaderFooterView.m in Sources */,
				7FD463A71F2D86A000696542 /* Logger.m in Sources */,
				7FD463AA1F2D86A000696542 /* NTYSupportViewModelImpl.m in Sources */,
				7FD463AE1F2D86A000696542 /* NTYTableView.m in Sources */,
				7FD463AB1F2D86A000696542 /* NTYTableViewCell.m in Sources */,
				6121CD251F2C2FA5009F04B2 /* DataProvider.m in Sources */,
				7FD463A11F2D86A000696542 /* Dispatch.m in Sources */,
				7FD463A41F2D86A000696542 /* NSObject+Decroate.m in Sources */,
				7FD463A01F2D86A000696542 /* SASViewController.m in Sources */,
				7FD463A31F2D86A000696542 /* NSObject+Cast.m in Sources */,
				6121CCF21F2C2CA1009F04B2 /* main.m in Sources */,
				7FD463A51F2D86A000696542 /* UIButton+NTYExtension.m in Sources */,
				7FD463A61F2D86A000696542 /* UITableViewCell+NTYExtension.m in Sources */,
			);
			runOnlyForDeploymentPostprocessing = 0;
		};
		6121CD021F2C2CA1009F04B2 /* Sources */ = {
			isa = PBXSourcesBuildPhase;
			buildActionMask = 2147483647;
			files = (
				6121CD0B1F2C2CA1009F04B2 /* PrefetchDemoTests.m in Sources */,
			);
			runOnlyForDeploymentPostprocessing = 0;
		};
		6121CD0D1F2C2CA1009F04B2 /* Sources */ = {
			isa = PBXSourcesBuildPhase;
			buildActionMask = 2147483647;
			files = (
				6121CD161F2C2CA1009F04B2 /* PrefetchDemoUITests.m in Sources */,
			);
			runOnlyForDeploymentPostprocessing = 0;
		};
/* End PBXSourcesBuildPhase section */

/* Begin PBXTargetDependency section */
		6121CD081F2C2CA1009F04B2 /* PBXTargetDependency */ = {
			isa = PBXTargetDependency;
			target = 6121CCEC1F2C2CA1009F04B2 /* PrefetchDemo */;
			targetProxy = 6121CD071F2C2CA1009F04B2 /* PBXContainerItemProxy */;
		};
		6121CD131F2C2CA1009F04B2 /* PBXTargetDependency */ = {
			isa = PBXTargetDependency;
			target = 6121CCEC1F2C2CA1009F04B2 /* PrefetchDemo */;
			targetProxy = 6121CD121F2C2CA1009F04B2 /* PBXContainerItemProxy */;
		};
/* End PBXTargetDependency section */

/* Begin PBXVariantGroup section */
		6121CCF91F2C2CA1009F04B2 /* Main.storyboard */ = {
			isa = PBXVariantGroup;
			children = (
				6121CCFA1F2C2CA1009F04B2 /* Base */,
			);
			name = Main.storyboard;
			sourceTree = "<group>";
		};
		6121CCFE1F2C2CA1009F04B2 /* LaunchScreen.storyboard */ = {
			isa = PBXVariantGroup;
			children = (
				6121CCFF1F2C2CA1009F04B2 /* Base */,
			);
			name = LaunchScreen.storyboard;
			sourceTree = "<group>";
		};
/* End PBXVariantGroup section */

/* Begin XCBuildConfiguration section */
		6121CD181F2C2CA1009F04B2 /* Debug */ = {
			isa = XCBuildConfiguration;
			buildSettings = {
				ALWAYS_SEARCH_USER_PATHS = NO;
				CLANG_ANALYZER_NONNULL = YES;
				CLANG_ANALYZER_NUMBER_OBJECT_CONVERSION = YES_AGGRESSIVE;
				CLANG_CXX_LANGUAGE_STANDARD = "gnu++0x";
				CLANG_CXX_LIBRARY = "libc++";
				CLANG_ENABLE_MODULES = YES;
				CLANG_ENABLE_OBJC_ARC = YES;
				CLANG_WARN_BOOL_CONVERSION = YES;
				CLANG_WARN_CONSTANT_CONVERSION = YES;
				CLANG_WARN_DIRECT_OBJC_ISA_USAGE = YES_ERROR;
				CLANG_WARN_DOCUMENTATION_COMMENTS = YES;
				CLANG_WARN_EMPTY_BODY = YES;
				CLANG_WARN_ENUM_CONVERSION = YES;
				CLANG_WARN_INFINITE_RECURSION = YES;
				CLANG_WARN_INT_CONVERSION = YES;
				CLANG_WARN_OBJC_ROOT_CLASS = YES_ERROR;
				CLANG_WARN_SUSPICIOUS_MOVE = YES;
				CLANG_WARN_UNREACHABLE_CODE = YES;
				CLANG_WARN__DUPLICATE_METHOD_MATCH = YES;
				"CODE_SIGN_IDENTITY[sdk=iphoneos*]" = "iPhone Developer";
				COPY_PHASE_STRIP = NO;
				DEBUG_INFORMATION_FORMAT = dwarf;
				ENABLE_STRICT_OBJC_MSGSEND = YES;
				ENABLE_TESTABILITY = YES;
				GCC_C_LANGUAGE_STANDARD = gnu99;
				GCC_DYNAMIC_NO_PIC = NO;
				GCC_NO_COMMON_BLOCKS = YES;
				GCC_OPTIMIZATION_LEVEL = 0;
				GCC_PREPROCESSOR_DEFINITIONS = (
					"DEBUG=1",
					"$(inherited)",
				);
				GCC_WARN_64_TO_32_BIT_CONVERSION = YES;
				GCC_WARN_ABOUT_RETURN_TYPE = YES_ERROR;
				GCC_WARN_UNDECLARED_SELECTOR = YES;
				GCC_WARN_UNINITIALIZED_AUTOS = YES_AGGRESSIVE;
				GCC_WARN_UNUSED_FUNCTION = YES;
				GCC_WARN_UNUSED_VARIABLE = YES;
				IPHONEOS_DEPLOYMENT_TARGET = 10.3;
				MTL_ENABLE_DEBUG_INFO = YES;
				ONLY_ACTIVE_ARCH = YES;
				SDKROOT = iphoneos;
			};
			name = Debug;
		};
		6121CD191F2C2CA1009F04B2 /* Release */ = {
			isa = XCBuildConfiguration;
			buildSettings = {
				ALWAYS_SEARCH_USER_PATHS = NO;
				CLANG_ANALYZER_NONNULL = YES;
				CLANG_ANALYZER_NUMBER_OBJECT_CONVERSION = YES_AGGRESSIVE;
				CLANG_CXX_LANGUAGE_STANDARD = "gnu++0x";
				CLANG_CXX_LIBRARY = "libc++";
				CLANG_ENABLE_MODULES = YES;
				CLANG_ENABLE_OBJC_ARC = YES;
				CLANG_WARN_BOOL_CONVERSION = YES;
				CLANG_WARN_CONSTANT_CONVERSION = YES;
				CLANG_WARN_DIRECT_OBJC_ISA_USAGE = YES_ERROR;
				CLANG_WARN_DOCUMENTATION_COMMENTS = YES;
				CLANG_WARN_EMPTY_BODY = YES;
				CLANG_WARN_ENUM_CONVERSION = YES;
				CLANG_WARN_INFINITE_RECURSION = YES;
				CLANG_WARN_INT_CONVERSION = YES;
				CLANG_WARN_OBJC_ROOT_CLASS = YES_ERROR;
				CLANG_WARN_SUSPICIOUS_MOVE = YES;
				CLANG_WARN_UNREACHABLE_CODE = YES;
				CLANG_WARN__DUPLICATE_METHOD_MATCH = YES;
				"CODE_SIGN_IDENTITY[sdk=iphoneos*]" = "iPhone Developer";
				COPY_PHASE_STRIP = NO;
				DEBUG_INFORMATION_FORMAT = "dwarf-with-dsym";
				ENABLE_NS_ASSERTIONS = NO;
				ENABLE_STRICT_OBJC_MSGSEND = YES;
				GCC_C_LANGUAGE_STANDARD = gnu99;
				GCC_NO_COMMON_BLOCKS = YES;
				GCC_WARN_64_TO_32_BIT_CONVERSION = YES;
				GCC_WARN_ABOUT_RETURN_TYPE = YES_ERROR;
				GCC_WARN_UNDECLARED_SELECTOR = YES;
				GCC_WARN_UNINITIALIZED_AUTOS = YES_AGGRESSIVE;
				GCC_WARN_UNUSED_FUNCTION = YES;
				GCC_WARN_UNUSED_VARIABLE = YES;
				IPHONEOS_DEPLOYMENT_TARGET = 10.3;
				MTL_ENABLE_DEBUG_INFO = NO;
				SDKROOT = iphoneos;
				VALIDATE_PRODUCT = YES;
			};
			name = Release;
		};
		6121CD1B1F2C2CA1009F04B2 /* Debug */ = {
			isa = XCBuildConfiguration;
			baseConfigurationReference = E7834B64840B2A98F1C305A6 /* Pods-PrefetchDemo.debug.xcconfig */;
			buildSettings = {
				ASSETCATALOG_COMPILER_APPICON_NAME = AppIcon;
				DEVELOPMENT_TEAM = UY8HGLAGYV;
				GCC_PRECOMPILE_PREFIX_HEADER = YES;
				GCC_PREFIX_HEADER = $PROJECT_NAME/prefix.pch;
				INFOPLIST_FILE = PrefetchDemo/Info.plist;
				LD_RUNPATH_SEARCH_PATHS = "$(inherited) @executable_path/Frameworks";
				PRODUCT_BUNDLE_IDENTIFIER = com.ibestv.app.PrefetchDemo;
				PRODUCT_NAME = "$(TARGET_NAME)";
			};
			name = Debug;
		};
		6121CD1C1F2C2CA1009F04B2 /* Release */ = {
			isa = XCBuildConfiguration;
			baseConfigurationReference = E1188BE307FF0B787A203048 /* Pods-PrefetchDemo.release.xcconfig */;
			buildSettings = {
				ASSETCATALOG_COMPILER_APPICON_NAME = AppIcon;
				DEVELOPMENT_TEAM = UY8HGLAGYV;
				GCC_PRECOMPILE_PREFIX_HEADER = YES;
				GCC_PREFIX_HEADER = $PROJECT_NAME/prefix.pch;
				INFOPLIST_FILE = PrefetchDemo/Info.plist;
				LD_RUNPATH_SEARCH_PATHS = "$(inherited) @executable_path/Frameworks";
				PRODUCT_BUNDLE_IDENTIFIER = com.ibestv.app.PrefetchDemo;
				PRODUCT_NAME = "$(TARGET_NAME)";
			};
			name = Release;
		};
		6121CD1E1F2C2CA1009F04B2 /* Debug */ = {
			isa = XCBuildConfiguration;
			baseConfigurationReference = 00866B6FD364EDBFF695F895 /* Pods-PrefetchDemoTests.debug.xcconfig */;
			buildSettings = {
				BUNDLE_LOADER = "$(TEST_HOST)";
				DEVELOPMENT_TEAM = UY8HGLAGYV;
				INFOPLIST_FILE = PrefetchDemoTests/Info.plist;
				LD_RUNPATH_SEARCH_PATHS = "$(inherited) @executable_path/Frameworks @loader_path/Frameworks";
				PRODUCT_BUNDLE_IDENTIFIER = com.ibestv.app.PrefetchDemoTests;
				PRODUCT_NAME = "$(TARGET_NAME)";
				TEST_HOST = "$(BUILT_PRODUCTS_DIR)/PrefetchDemo.app/PrefetchDemo";
			};
			name = Debug;
		};
		6121CD1F1F2C2CA1009F04B2 /* Release */ = {
			isa = XCBuildConfiguration;
			baseConfigurationReference = 8A100307FA85A27432976C34 /* Pods-PrefetchDemoTests.release.xcconfig */;
			buildSettings = {
				BUNDLE_LOADER = "$(TEST_HOST)";
				DEVELOPMENT_TEAM = UY8HGLAGYV;
				INFOPLIST_FILE = PrefetchDemoTests/Info.plist;
				LD_RUNPATH_SEARCH_PATHS = "$(inherited) @executable_path/Frameworks @loader_path/Frameworks";
				PRODUCT_BUNDLE_IDENTIFIER = com.ibestv.app.PrefetchDemoTests;
				PRODUCT_NAME = "$(TARGET_NAME)";
				TEST_HOST = "$(BUILT_PRODUCTS_DIR)/PrefetchDemo.app/PrefetchDemo";
			};
			name = Release;
		};
		6121CD211F2C2CA1009F04B2 /* Debug */ = {
			isa = XCBuildConfiguration;
			baseConfigurationReference = AE3DCA289DFC498CDE62912A /* Pods-PrefetchDemoUITests.debug.xcconfig */;
			buildSettings = {
				DEVELOPMENT_TEAM = UY8HGLAGYV;
				INFOPLIST_FILE = PrefetchDemoUITests/Info.plist;
				LD_RUNPATH_SEARCH_PATHS = "$(inherited) @executable_path/Frameworks @loader_path/Frameworks";
				PRODUCT_BUNDLE_IDENTIFIER = com.ibestv.app.PrefetchDemoUITests;
				PRODUCT_NAME = "$(TARGET_NAME)";
				TEST_TARGET_NAME = PrefetchDemo;
			};
			name = Debug;
		};
		6121CD221F2C2CA1009F04B2 /* Release */ = {
			isa = XCBuildConfiguration;
			baseConfigurationReference = 07D4EB0B226DF4526C1C539D /* Pods-PrefetchDemoUITests.release.xcconfig */;
			buildSettings = {
				DEVELOPMENT_TEAM = UY8HGLAGYV;
				INFOPLIST_FILE = PrefetchDemoUITests/Info.plist;
				LD_RUNPATH_SEARCH_PATHS = "$(inherited) @executable_path/Frameworks @loader_path/Frameworks";
				PRODUCT_BUNDLE_IDENTIFIER = com.ibestv.app.PrefetchDemoUITests;
				PRODUCT_NAME = "$(TARGET_NAME)";
				TEST_TARGET_NAME = PrefetchDemo;
			};
			name = Release;
		};
/* End XCBuildConfiguration section */

/* Begin XCConfigurationList section */
		6121CCE81F2C2CA1009F04B2 /* Build configuration list for PBXProject "PrefetchDemo" */ = {
			isa = XCConfigurationList;
			buildConfigurations = (
				6121CD181F2C2CA1009F04B2 /* Debug */,
				6121CD191F2C2CA1009F04B2 /* Release */,
			);
			defaultConfigurationIsVisible = 0;
			defaultConfigurationName = Release;
		};
		6121CD1A1F2C2CA1009F04B2 /* Build configuration list for PBXNativeTarget "PrefetchDemo" */ = {
			isa = XCConfigurationList;
			buildConfigurations = (
				6121CD1B1F2C2CA1009F04B2 /* Debug */,
				6121CD1C1F2C2CA1009F04B2 /* Release */,
			);
			defaultConfigurationIsVisible = 0;
			defaultConfigurationName = Release;
		};
		6121CD1D1F2C2CA1009F04B2 /* Build configuration list for PBXNativeTarget "PrefetchDemoTests" */ = {
			isa = XCConfigurationList;
			buildConfigurations = (
				6121CD1E1F2C2CA1009F04B2 /* Debug */,
				6121CD1F1F2C2CA1009F04B2 /* Release */,
			);
			defaultConfigurationIsVisible = 0;
			defaultConfigurationName = Release;
		};
		6121CD201F2C2CA1009F04B2 /* Build configuration list for PBXNativeTarget "PrefetchDemoUITests" */ = {
			isa = XCConfigurationList;
			buildConfigurations = (
				6121CD211F2C2CA1009F04B2 /* Debug */,
				6121CD221F2C2CA1009F04B2 /* Release */,
			);
			defaultConfigurationIsVisible = 0;
			defaultConfigurationName = Release;
		};
/* End XCConfigurationList section */
	};
	rootObject = 6121CCE51F2C2CA1009F04B2 /* Project object */;
}
